{
  "name": "fractals",
  "version": "1.0.0",
  "lockfileVersion": 1,
  "requires": true,
  "dependencies": {
    "learnhypertext": {
      "version": "1.2.1",
      "resolved": "https://registry.npmjs.org/learnhypertext/-/learnhypertext-1.2.1.tgz",
      "integrity": "sha512-OJW5eo4H+H+8LcCmNCI2j0tDnXxwLf4+hEFUkBD0OW7L+rqUNBkN1YDytjBY1Jq7MEwllCFkb3ieAtC0TnFuEQ=="
    }
  }
}
