{
  "name": "fractals",
  "version": "1.0.0",
  "lockfileVersion": 1,
  "requires": true,
  "dependencies": {
    "learnhypertext": {
      "version": "1.2.0",
      "resolved": "https://registry.npmjs.org/learnhypertext/-/learnhypertext-1.2.0.tgz",
      "integrity": "sha512-xS6kF9jHu3kuqQbJ9+R1BXthRUXg/ihPbNjDkOt6efWZBiRjK1HRmol1/ic14396jU+V6TqjgaV6MtxMF47TkQ=="
    }
  }
}
