{
  "name": "fractals",
  "version": "1.0.0",
  "lockfileVersion": 1,
  "requires": true,
  "dependencies": {
    "learnhypertext": {
      "version": "1.1.1",
      "resolved": "https://registry.npmjs.org/learnhypertext/-/learnhypertext-1.1.1.tgz",
      "integrity": "sha512-ZlbopIfWT3cKROdTv/vdOgdLu4doeR5xizLyl8x2yPCMZ5hGltDJMY7HcROujD+oxznnG6FLhhemsoUei1enCg=="
    }
  }
}
